
Microsoft Visual Studio Solution File, Format Version 12.00
# Visual Studio Version 16
VisualStudioVersion = 16.0.32510.428
MinimumVisualStudioVersion = 10.0.40219.1
Project("{9A19103F-16F7-4668-BE54-9A1E7A4F7556}") = "LUC", "LUC\LUC.csproj", "{BE70CB0D-A948-49F5-8BCF-8CFB854C7DCC}"
EndProject
Project("{9A19103F-16F7-4668-BE54-9A1E7A4F7556}") = "DEAL", "DEAL\DEAL.csproj", "{74FB12C9-86EF-4EEB-8B77-1350FE92549A}"
EndProject
Project("{9A19103F-16F7-4668-BE54-9A1E7A4F7556}") = "DES", "DES\DES.csproj", "{8D31947B-FFDD-4B6F-83D9-44D5C4DEE6A9}"
EndProject
Project("{FAE04EC0-301F-11D3-BF4B-00C04F79EFBC}") = "Cryptography.Extensions", "Cryptography.Extensions\Cryptography.Extensions.csproj", "{64931EEA-89EB-49D4-8B7A-7BB98C1EAF93}"
EndProject
Project("{FAE04EC0-301F-11D3-BF4B-00C04F79EFBC}") = "SymmetricalAlgorithm", "SymmetricalAlgorithm\SymmetricalAlgorithm.csproj", "{B0291CA9-756B-414A-9ED9-08E21C4B681F}"
EndProject
Project("{FAE04EC0-301F-11D3-BF4B-00C04F79EFBC}") = "CipherContext", "CipherContext\CipherContext.csproj", "{D690D4C9-AD5C-42D3-960B-97DCDDE10694}"
EndProject
Project("{FAE04EC0-301F-11D3-BF4B-00C04F79EFBC}") = "Tests", "Tests\Tests.csproj", "{48EB5A59-DF76-4762-83FD-7C04F6601D51}"
EndProject
Project("{2150E333-8FDC-42A3-9474-1A3956D46DE8}") = "Solution Items", "Solution Items", "{6B592040-51BC-42A7-A02A-5F1E27ADD6C8}"
	ProjectSection(SolutionItems) = preProject
		.gitignore = .gitignore
	EndProjectSection
EndProject
Project("{FAE04EC0-301F-11D3-BF4B-00C04F79EFBC}") = "GrpcServer", "GrpcServer\GrpcServer.csproj", "{676F3F55-FA9A-4E69-A835-52FD002885D2}"
EndProject
Global
	GlobalSection(SolutionConfigurationPlatforms) = preSolution
		Debug|Any CPU = Debug|Any CPU
		Release|Any CPU = Release|Any CPU
	EndGlobalSection
	GlobalSection(ProjectConfigurationPlatforms) = postSolution
		{BE70CB0D-A948-49F5-8BCF-8CFB854C7DCC}.Debug|Any CPU.ActiveCfg = Debug|Any CPU
		{BE70CB0D-A948-49F5-8BCF-8CFB854C7DCC}.Debug|Any CPU.Build.0 = Debug|Any CPU
		{BE70CB0D-A948-49F5-8BCF-8CFB854C7DCC}.Release|Any CPU.ActiveCfg = Release|Any CPU
		{BE70CB0D-A948-49F5-8BCF-8CFB854C7DCC}.Release|Any CPU.Build.0 = Release|Any CPU
		{74FB12C9-86EF-4EEB-8B77-1350FE92549A}.Debug|Any CPU.ActiveCfg = Debug|Any CPU
		{74FB12C9-86EF-4EEB-8B77-1350FE92549A}.Debug|Any CPU.Build.0 = Debug|Any CPU
		{74FB12C9-86EF-4EEB-8B77-1350FE92549A}.Release|Any CPU.ActiveCfg = Release|Any CPU
		{74FB12C9-86EF-4EEB-8B77-1350FE92549A}.Release|Any CPU.Build.0 = Release|Any CPU
		{8D31947B-FFDD-4B6F-83D9-44D5C4DEE6A9}.Debug|Any CPU.ActiveCfg = Debug|Any CPU
		{8D31947B-FFDD-4B6F-83D9-44D5C4DEE6A9}.Debug|Any CPU.Build.0 = Debug|Any CPU
		{8D31947B-FFDD-4B6F-83D9-44D5C4DEE6A9}.Release|Any CPU.ActiveCfg = Release|Any CPU
		{8D31947B-FFDD-4B6F-83D9-44D5C4DEE6A9}.Release|Any CPU.Build.0 = Release|Any CPU
		{64931EEA-89EB-49D4-8B7A-7BB98C1EAF93}.Debug|Any CPU.ActiveCfg = Debug|Any CPU
		{64931EEA-89EB-49D4-8B7A-7BB98C1EAF93}.Debug|Any CPU.Build.0 = Debug|Any CPU
		{64931EEA-89EB-49D4-8B7A-7BB98C1EAF93}.Release|Any CPU.ActiveCfg = Release|Any CPU
		{64931EEA-89EB-49D4-8B7A-7BB98C1EAF93}.Release|Any CPU.Build.0 = Release|Any CPU
		{B0291CA9-756B-414A-9ED9-08E21C4B681F}.Debug|Any CPU.ActiveCfg = Debug|Any CPU
		{B0291CA9-756B-414A-9ED9-08E21C4B681F}.Debug|Any CPU.Build.0 = Debug|Any CPU
		{B0291CA9-756B-414A-9ED9-08E21C4B681F}.Release|Any CPU.ActiveCfg = Release|Any CPU
		{B0291CA9-756B-414A-9ED9-08E21C4B681F}.Release|Any CPU.Build.0 = Release|Any CPU
		{D690D4C9-AD5C-42D3-960B-97DCDDE10694}.Debug|Any CPU.ActiveCfg = Debug|Any CPU
		{D690D4C9-AD5C-42D3-960B-97DCDDE10694}.Debug|Any CPU.Build.0 = Debug|Any CPU
		{D690D4C9-AD5C-42D3-960B-97DCDDE10694}.Release|Any CPU.ActiveCfg = Release|Any CPU
		{D690D4C9-AD5C-42D3-960B-97DCDDE10694}.Release|Any CPU.Build.0 = Release|Any CPU
		{48EB5A59-DF76-4762-83FD-7C04F6601D51}.Debug|Any CPU.ActiveCfg = Debug|Any CPU
		{48EB5A59-DF76-4762-83FD-7C04F6601D51}.Debug|Any CPU.Build.0 = Debug|Any CPU
		{48EB5A59-DF76-4762-83FD-7C04F6601D51}.Release|Any CPU.ActiveCfg = Release|Any CPU
		{48EB5A59-DF76-4762-83FD-7C04F6601D51}.Release|Any CPU.Build.0 = Release|Any CPU
		{676F3F55-FA9A-4E69-A835-52FD002885D2}.Debug|Any CPU.ActiveCfg = Debug|Any CPU
		{676F3F55-FA9A-4E69-A835-52FD002885D2}.Debug|Any CPU.Build.0 = Debug|Any CPU
		{676F3F55-FA9A-4E69-A835-52FD002885D2}.Release|Any CPU.ActiveCfg = Release|Any CPU
		{676F3F55-FA9A-4E69-A835-52FD002885D2}.Release|Any CPU.Build.0 = Release|Any CPU
	EndGlobalSection
	GlobalSection(SolutionProperties) = preSolution
		HideSolutionNode = FALSE
	EndGlobalSection
	GlobalSection(ExtensibilityGlobals) = postSolution
		SolutionGuid = {05CDFBCE-862D-4A65-806E-5190BDEF6ED1}
	EndGlobalSection
EndGlobal
